
Microsoft Visual Studio Solution File, Format Version 12.00
# Visual Studio Version 16
VisualStudioVersion = 16.0.31515.178
MinimumVisualStudioVersion = 10.0.40219.1
Project("{FAE04EC0-301F-11D3-BF4B-00C04F79EFBC}") = "Formatter", "Formatter\Formatter.csproj", "{68AE5CE8-5E5A-4760-A60A-CC8E1D781534}"
EndProject
Global
	GlobalSection(SolutionConfigurationPlatforms) = preSolution
		Debug|Any CPU = Debug|Any CPU
		Release|Any CPU = Release|Any CPU
	EndGlobalSection
	GlobalSection(ProjectConfigurationPlatforms) = postSolution
		{68AE5CE8-5E5A-4760-A60A-CC8E1D781534}.Debug|Any CPU.ActiveCfg = Debug|Any CPU
		{68AE5CE8-5E5A-4760-A60A-CC8E1D781534}.Debug|Any CPU.Build.0 = Debug|Any CPU
		{68AE5CE8-5E5A-4760-A60A-CC8E1D781534}.Release|Any CPU.ActiveCfg = Release|Any CPU
		{68AE5CE8-5E5A-4760-A60A-CC8E1D781534}.Release|Any CPU.Build.0 = Release|Any CPU
	EndGlobalSection
	GlobalSection(SolutionProperties) = preSolution
		HideSolutionNode = FALSE
	EndGlobalSection
	GlobalSection(ExtensibilityGlobals) = postSolution
		SolutionGuid = {EBF37E93-F6AA-43DA-B15C-FFA0DB82897D}
	EndGlobalSection
EndGlobal
